{
  "name": "awesome-nodejs",
  "version": "1.0.0",
  "lockfileVersion": 1,
  "requires": true,
  "dependencies": {
    "@octokit/auth-token": {
      "version": "2.4.2",
      "resolved": "http://bnpm.byted.org/@octokit/auth-token/download/@octokit/auth-token-2.4.2.tgz",
      "integrity": "sha1-ENCul5sQD6a3L6Do5j4n5tDb/4o=",
      "dev": true,
      "requires": {
        "@octokit/types": "^5.0.0"
      }
    },
    "@octokit/core": {
      "version": "3.1.2",
      "resolved": "https://registry.npmjs.org/@octokit/core/-/core-3.1.2.tgz",
      "integrity": "sha512-AInOFULmwOa7+NFi9F8DlDkm5qtZVmDQayi7TUgChE3yeIGPq0Y+6cAEXPexQ3Ea+uZy66hKEazR7DJyU+4wfw==",
      "dev": true,
      "requires": {
        "@octokit/auth-token": "^2.4.0",
        "@octokit/graphql": "^4.3.1",
        "@octokit/request": "^5.4.0",
        "@octokit/types": "^5.0.0",
        "before-after-hook": "^2.1.0",
        "universal-user-agent": "^6.0.0"
      },
      "dependencies": {
        "universal-user-agent": {
          "version": "6.0.0",
          "resolved": "https://registry.npmjs.org/universal-user-agent/-/universal-user-agent-6.0.0.tgz",
          "integrity": "sha512-isyNax3wXoKaulPDZWHQqbmIx1k2tb9fb3GGDBRxCscfYV2Ch7WxPArBsFEG8s/safwXTT7H4QGhaIkTp9447w==",
          "dev": true
        }
      }
    },
    "@octokit/endpoint": {
      "version": "6.0.6",
      "resolved": "http://bnpm.byted.org/@octokit/endpoint/download/@octokit/endpoint-6.0.6.tgz",
      "integrity": "sha1-TwnytGiXa0RHQqHVBp9vpFgm2Zk=",
      "dev": true,
      "requires": {
        "@octokit/types": "^5.0.0",
        "is-plain-object": "^5.0.0",
        "universal-user-agent": "^6.0.0"
      },
      "dependencies": {
        "is-plain-object": {
          "version": "5.0.0",
          "resolved": "http://bnpm.byted.org/is-plain-object/download/is-plain-object-5.0.0.tgz",
          "integrity": "sha1-RCf1CrNCnpAl6n1S6QQ6nvQVk0Q=",
          "dev": true
        },
        "universal-user-agent": {
          "version": "6.0.0",
          "resolved": "http://bnpm.byted.org/universal-user-agent/download/universal-user-agent-6.0.0.tgz",
          "integrity": "sha1-M4H4UDslHA2c0hvB3pOeyd9UgO4=",
          "dev": true
        }
      }
    },
    "@octokit/graphql": {
      "version": "4.5.6",
      "resolved": "https://registry.npmjs.org/@octokit/graphql/-/graphql-4.5.6.tgz",
      "integrity": "sha512-Rry+unqKTa3svswT2ZAuqenpLrzJd+JTv89LTeVa5UM/5OX8o4KTkPL7/1ABq4f/ZkELb0XEK/2IEoYwykcLXg==",
      "dev": true,
      "requires": {
        "@octokit/request": "^5.3.0",
        "@octokit/types": "^5.0.0",
        "universal-user-agent": "^6.0.0"
      },
      "dependencies": {
        "universal-user-agent": {
          "version": "6.0.0",
          "resolved": "https://registry.npmjs.org/universal-user-agent/-/universal-user-agent-6.0.0.tgz",
          "integrity": "sha512-isyNax3wXoKaulPDZWHQqbmIx1k2tb9fb3GGDBRxCscfYV2Ch7WxPArBsFEG8s/safwXTT7H4QGhaIkTp9447w==",
          "dev": true
        }
      }
    },
    "@octokit/request": {
      "version": "5.4.9",
      "resolved": "http://bnpm.byted.org/@octokit/request/download/@octokit/request-5.4.9.tgz",
      "integrity": "sha1-CkbxG4I1GzQW0xVyYa2bFVjEM2U=",
      "dev": true,
      "requires": {
        "@octokit/endpoint": "^6.0.1",
        "@octokit/request-error": "^2.0.0",
        "@octokit/types": "^5.0.0",
        "deprecation": "^2.0.0",
        "is-plain-object": "^5.0.0",
        "node-fetch": "^2.6.1",
        "once": "^1.4.0",
        "universal-user-agent": "^6.0.0"
      },
      "dependencies": {
        "@octokit/request-error": {
          "version": "2.0.2",
          "resolved": "http://bnpm.byted.org/@octokit/request-error/download/@octokit/request-error-2.0.2.tgz",
          "integrity": "sha1-Dna4P12P3aHbmQJ+pfYXwua6ntA=",
          "dev": true,
          "requires": {
            "@octokit/types": "^5.0.1",
            "deprecation": "^2.0.0",
            "once": "^1.4.0"
          }
        },
        "is-plain-object": {
          "version": "5.0.0",
          "resolved": "http://bnpm.byted.org/is-plain-object/download/is-plain-object-5.0.0.tgz",
          "integrity": "sha1-RCf1CrNCnpAl6n1S6QQ6nvQVk0Q=",
          "dev": true
        },
        "universal-user-agent": {
          "version": "6.0.0",
          "resolved": "http://bnpm.byted.org/universal-user-agent/download/universal-user-agent-6.0.0.tgz",
          "integrity": "sha1-M4H4UDslHA2c0hvB3pOeyd9UgO4=",
          "dev": true
        }
      }
    },
    "@octokit/types": {
      "version": "5.5.0",
      "resolved": "http://bnpm.byted.org/@octokit/types/download/@octokit/types-5.5.0.tgz",
      "integrity": "sha1-5fBujbISRsoQKqKERM2xOuF6E5s=",
      "dev": true,
      "requires": {
        "@types/node": ">= 8"
      }
    },
    "@types/node": {
      "version": "14.11.2",
      "resolved": "http://bnpm.byted.org/@types/node/download/@types/node-14.11.2.tgz",
      "integrity": "sha1-LeHtZnBDk4faHJ9UmireKwp5klY=",
      "dev": true
    },
    "before-after-hook": {
      "version": "2.1.0",
      "resolved": "http://bnpm.byted.org/before-after-hook/download/before-after-hook-2.1.0.tgz",
      "integrity": "sha1-tsA0h/ROJCAN0wyl5qGXnF0vtjU=",
      "dev": true
    },
    "deprecation": {
      "version": "2.3.1",
      "resolved": "http://bnpm.byted.org/deprecation/download/deprecation-2.3.1.tgz",
      "integrity": "sha1-Y2jL20Cr8zc7UlrIfkomDDpwCRk=",
      "dev": true
    },
    "node-fetch": {
      "version": "2.6.1",
      "resolved": "http://bnpm.byted.org/node-fetch/download/node-fetch-2.6.1.tgz",
      "integrity": "sha1-BFvTI2Mfdu0uK1VXM5RBa2OaAFI=",
      "dev": true
    },
    "once": {
      "version": "1.4.0",
      "resolved": "http://bnpm.byted.org/once/download/once-1.4.0.tgz",
      "integrity": "sha1-WDsap3WWHUsROsF9nFC6753Xa9E=",
      "dev": true,
      "requires": {
        "wrappy": "1"
      }
    },
    "wrappy": {
      "version": "1.0.2",
      "resolved": "http://bnpm.byted.org/wrappy/download/wrappy-1.0.2.tgz",
      "integrity": "sha1-tSQ9jz7BqjXxNkYFvA0QNuMKtp8=",
      "dev": true
    }
  }
}
